// !$*UTF8*$!
{
	archiveVersion = 1;
	classes = {
	};
	objectVersion = 77;
	objects = {

/* Begin PBXBuildFile section */
		47E841C354E5DA7707DA30DA /* FiringFlowUITests.swift in Sources */ = {isa = PBXBuildFile; fileRef = EFDCCED99F5E96ADD3426269 /* FiringFlowUITests.swift */; };
		A3400000000000000000B001 /* NoBalanceTopUpUITests.swift in Sources */ = {isa = PBXBuildFile; fileRef = A3400000000000000000F001 /* NoBalanceTopUpUITests.swift */; };
		A3400000000000000000B002 /* CreateAlarmUITests.swift in Sources */ = {isa = PBXBuildFile; fileRef = A3400000000000000000F002 /* CreateAlarmUITests.swift */; };
		A3400000000000000000B003 /* ProgressiveSnoozeUITests.swift in Sources */ = {isa = PBXBuildFile; fileRef = A3400000000000000000F003 /* ProgressiveSnoozeUITests.swift */; };
		A3400000000000000000B004 /* OnboardingFlowUITests.swift in Sources */ = {isa = PBXBuildFile; fileRef = A3400000000000000000F004 /* OnboardingFlowUITests.swift */; };
		A3400000000000000000B005 /* ConfirmDeleteRouteUITests.swift in Sources */ = {isa = PBXBuildFile; fileRef = A3400000000000000000F005 /* ConfirmDeleteRouteUITests.swift */; };
		A7D767A1C75F0B3D99B35C0E /* Foundation.framework in Frameworks */ = {isa = PBXBuildFile; fileRef = 4AED0CBCB2279D458B93ABDC /* Foundation.framework */; };
/* End PBXBuildFile section */

/* Begin PBXContainerItemProxy section */
		6A105FF37F11B4F6A29CFE1F /* PBXContainerItemProxy */ = {
			isa = PBXContainerItemProxy;
			containerPortal = 3E2102FC2F525C3C00998846 /* Project object */;
			proxyType = 1;
			remoteGlobalIDString = 3E2103032F525C3C00998846;
			remoteInfo = SnoozePay;
		};
		AA0001002F5B000000000001 /* PBXContainerItemProxy */ = {
			isa = PBXContainerItemProxy;
			containerPortal = 3E2102FC2F525C3C00998846 /* Project object */;
			proxyType = 1;
			remoteGlobalIDString = 3E2103032F525C3C00998846;
			remoteInfo = SnoozePay;
		};
/* End PBXContainerItemProxy section */

/* Begin PBXFileReference section */
		3E2103042F525C3C00998846 /* SnoozePay.app */ = {isa = PBXFileReference; explicitFileType = wrapper.application; includeInIndex = 0; path = SnoozePay.app; sourceTree = BUILT_PRODUCTS_DIR; };
		4AED0CBCB2279D458B93ABDC /* Foundation.framework */ = {isa = PBXFileReference; lastKnownFileType = wrapper.framework; name = Foundation.framework; path = Platforms/iPhoneOS.platform/Developer/SDKs/iPhoneOS18.0.sdk/System/Library/Frameworks/Foundation.framework; sourceTree = DEVELOPER_DIR; };
		AA0001012F5B000000000002 /* SnoozePayTests.xctest */ = {isa = PBXFileReference; explicitFileType = wrapper.cfbundle; includeInIndex = 0; path = SnoozePayTests.xctest; sourceTree = BUILT_PRODUCTS_DIR; };
		D9F3B13686755D92D101DDAA /* SnoozePayUITests.xctest */ = {isa = PBXFileReference; explicitFileType = wrapper.cfbundle; includeInIndex = 0; path = SnoozePayUITests.xctest; sourceTree = BUILT_PRODUCTS_DIR; };
		EFDCCED99F5E96ADD3426269 /* FiringFlowUITests.swift */ = {isa = PBXFileReference; includeInIndex = 1; lastKnownFileType = sourcecode.swift; path = FiringFlowUITests.swift; sourceTree = "<group>"; };
		A3400000000000000000F001 /* NoBalanceTopUpUITests.swift */ = {isa = PBXFileReference; includeInIndex = 1; lastKnownFileType = sourcecode.swift; path = NoBalanceTopUpUITests.swift; sourceTree = "<group>"; };
		A3400000000000000000F002 /* CreateAlarmUITests.swift */ = {isa = PBXFileReference; includeInIndex = 1; lastKnownFileType = sourcecode.swift; path = CreateAlarmUITests.swift; sourceTree = "<group>"; };
		A3400000000000000000F003 /* ProgressiveSnoozeUITests.swift */ = {isa = PBXFileReference; includeInIndex = 1; lastKnownFileType = sourcecode.swift; path = ProgressiveSnoozeUITests.swift; sourceTree = "<group>"; };
		A3400000000000000000F004 /* OnboardingFlowUITests.swift */ = {isa = PBXFileReference; includeInIndex = 1; lastKnownFileType = sourcecode.swift; path = OnboardingFlowUITests.swift; sourceTree = "<group>"; };
		A3400000000000000000F005 /* ConfirmDeleteRouteUITests.swift */ = {isa = PBXFileReference; includeInIndex = 1; lastKnownFileType = sourcecode.swift; path = ConfirmDeleteRouteUITests.swift; sourceTree = "<group>"; };
/* End PBXFileReference section */

/* Begin PBXFileSystemSynchronizedBuildFileExceptionSet section */
		3E2103162F525C3E00998846 /* Exceptions for "SnoozePay" folder in "SnoozePay" target */ = {
			isa = PBXFileSystemSynchronizedBuildFileExceptionSet;
			membershipExceptions = (
				Info.plist,
			);
			target = 3E2103032F525C3C00998846 /* SnoozePay */;
		};
/* End PBXFileSystemSynchronizedBuildFileExceptionSet section */

/* Begin PBXFileSystemSynchronizedRootGroup section */
		3E2103062F525C3C00998846 /* SnoozePay */ = {
			isa = PBXFileSystemSynchronizedRootGroup;
			exceptions = (
				3E2103162F525C3E00998846 /* Exceptions for "SnoozePay" folder in "SnoozePay" target */,
			);
			path = SnoozePay;
			sourceTree = "<group>";
		};
		AA0001022F5B000000000003 /* SnoozePayTests */ = {
			isa = PBXFileSystemSynchronizedRootGroup;
			exceptions = (
			);
			path = SnoozePayTests;
			sourceTree = "<group>";
		};
/* End PBXFileSystemSynchronizedRootGroup section */

/* Begin PBXFrameworksBuildPhase section */
		3E2103012F525C3C00998846 /* Frameworks */ = {
			isa = PBXFrameworksBuildPhase;
			buildActionMask = 2147483647;
			files = (
			);
			runOnlyForDeploymentPostprocessing = 0;
		};
		AA0001032F5B000000000004 /* Frameworks */ = {
			isa = PBXFrameworksBuildPhase;
			buildActionMask = 2147483647;
			files = (
			);
			runOnlyForDeploymentPostprocessing = 0;
		};
		F5333976FE11CBDA87BA39D2 /* Frameworks */ = {
			isa = PBXFrameworksBuildPhase;
			buildActionMask = 2147483647;
			files = (
				A7D767A1C75F0B3D99B35C0E /* Foundation.framework in Frameworks */,
			);
			runOnlyForDeploymentPostprocessing = 0;
		};
/* End PBXFrameworksBuildPhase section */

/* Begin PBXGroup section */
		3E2102FB2F525C3C00998846 = {
			isa = PBXGroup;
			children = (
				3E2103062F525C3C00998846 /* SnoozePay */,
				AA0001022F5B000000000003 /* SnoozePayTests */,
				3E2103052F525C3C00998846 /* Products */,
				D62471F5D298CC79566EE0F3 /* Frameworks */,
				DC542FB9D9E89A79C711B463 /* SnoozePayUITests */,
			);
			sourceTree = "<group>";
		};
		3E2103052F525C3C00998846 /* Products */ = {
			isa = PBXGroup;
			children = (
				3E2103042F525C3C00998846 /* SnoozePay.app */,
				AA0001012F5B000000000002 /* SnoozePayTests.xctest */,
				D9F3B13686755D92D101DDAA /* SnoozePayUITests.xctest */,
			);
			name = Products;
			sourceTree = "<group>";
		};
		8CE45F4E3AE7B55C9879413E /* iOS */ = {
			isa = PBXGroup;
			children = (
				4AED0CBCB2279D458B93ABDC /* Foundation.framework */,
			);
			name = iOS;
			sourceTree = "<group>";
		};
		D62471F5D298CC79566EE0F3 /* Frameworks */ = {
			isa = PBXGroup;
			children = (
				8CE45F4E3AE7B55C9879413E /* iOS */,
			);
			name = Frameworks;
			sourceTree = "<group>";
		};
		DC542FB9D9E89A79C711B463 /* SnoozePayUITests */ = {
			isa = PBXGroup;
			children = (
				EFDCCED99F5E96ADD3426269 /* FiringFlowUITests.swift */,
				A3400000000000000000F001 /* NoBalanceTopUpUITests.swift */,
				A3400000000000000000F002 /* CreateAlarmUITests.swift */,
				A3400000000000000000F003 /* ProgressiveSnoozeUITests.swift */,
				A3400000000000000000F004 /* OnboardingFlowUITests.swift */,
				A3400000000000000000F005 /* ConfirmDeleteRouteUITests.swift */,
			);
			name = SnoozePayUITests;
			path = SnoozePayUITests;
			sourceTree = SOURCE_ROOT;
		};
/* End PBXGroup section */

/* Begin PBXNativeTarget section */
		3E2103032F525C3C00998846 /* SnoozePay */ = {
			isa = PBXNativeTarget;
			buildConfigurationList = 3E2103172F525C3E00998846 /* Build configuration list for PBXNativeTarget "SnoozePay" */;
			buildPhases = (
				3E2103002F525C3C00998846 /* Sources */,
				3E2103012F525C3C00998846 /* Frameworks */,
				3E2103022F525C3C00998846 /* Resources */,
			);
			buildRules = (
			);
			dependencies = (
			);
			fileSystemSynchronizedGroups = (
				3E2103062F525C3C00998846 /* SnoozePay */,
			);
			name = SnoozePay;
			productName = SnoozePay;
			productReference = 3E2103042F525C3C00998846 /* SnoozePay.app */;
			productType = "com.apple.product-type.application";
		};
		81EAC51076E73524F7A4A32F /* SnoozePayUITests */ = {
			isa = PBXNativeTarget;
			buildConfigurationList = 3B82316F4912B3D2FEE9F11F /* Build configuration list for PBXNativeTarget "SnoozePayUITests" */;
			buildPhases = (
				BCE6A9177387E58F0A17DF20 /* Sources */,
				F5333976FE11CBDA87BA39D2 /* Frameworks */,
				B6DD45129D1D6E8FDD3DB203 /* Resources */,
			);
			buildRules = (
			);
			dependencies = (
				770DE757B810E951F845988D /* PBXTargetDependency */,
			);
			name = SnoozePayUITests;
			productName = SnoozePayUITests;
			productReference = D9F3B13686755D92D101DDAA /* SnoozePayUITests.xctest */;
			productType = "com.apple.product-type.bundle.ui-testing";
		};
		AA0001042F5B000000000005 /* SnoozePayTests */ = {
			isa = PBXNativeTarget;
			buildConfigurationList = AA0001052F5B000000000006 /* Build configuration list for PBXNativeTarget "SnoozePayTests" */;
			buildPhases = (
				AA0001062F5B000000000007 /* Sources */,
				AA0001032F5B000000000004 /* Frameworks */,
				AA0001072F5B000000000008 /* Resources */,
			);
			buildRules = (
			);
			dependencies = (
				AA0001082F5B000000000009 /* PBXTargetDependency */,
			);
			fileSystemSynchronizedGroups = (
				AA0001022F5B000000000003 /* SnoozePayTests */,
			);
			name = SnoozePayTests;
			productName = SnoozePayTests;
			productReference = AA0001012F5B000000000002 /* SnoozePayTests.xctest */;
			productType = "com.apple.product-type.bundle.unit-test";
		};
/* End PBXNativeTarget section */

/* Begin PBXProject section */
		3E2102FC2F525C3C00998846 /* Project object */ = {
			isa = PBXProject;
			attributes = {
				BuildIndependentTargetsInParallel = 1;
				LastSwiftUpdateCheck = 2620;
				LastUpgradeCheck = 2620;
				TargetAttributes = {
					3E2103032F525C3C00998846 = {
						CreatedOnToolsVersion = 26.2;
					};
					81EAC51076E73524F7A4A32F = {
						TestTargetID = 3E2103032F525C3C00998846;
					};
					AA0001042F5B000000000005 = {
						CreatedOnToolsVersion = 26.2;
						TestTargetID = 3E2103032F525C3C00998846;
					};
				};
			};
			buildConfigurationList = 3E2102FF2F525C3C00998846 /* Build configuration list for PBXProject "SnoozePay" */;
			developmentRegion = en;
			hasScannedForEncodings = 0;
			knownRegions = (
				en,
				Base,
			);
			mainGroup = 3E2102FB2F525C3C00998846;
			minimizedProjectReferenceProxies = 1;
			preferredProjectObjectVersion = 77;
			productRefGroup = 3E2103052F525C3C00998846 /* Products */;
			projectDirPath = "";
			projectRoot = "";
			targets = (
				3E2103032F525C3C00998846 /* SnoozePay */,
				AA0001042F5B000000000005 /* SnoozePayTests */,
				81EAC51076E73524F7A4A32F /* SnoozePayUITests */,
			);
		};
/* End PBXProject section */

/* Begin PBXResourcesBuildPhase section */
		3E2103022F525C3C00998846 /* Resources */ = {
			isa = PBXResourcesBuildPhase;
			buildActionMask = 2147483647;
			files = (
			);
			runOnlyForDeploymentPostprocessing = 0;
		};
		AA0001072F5B000000000008 /* Resources */ = {
			isa = PBXResourcesBuildPhase;
			buildActionMask = 2147483647;
			files = (
			);
			runOnlyForDeploymentPostprocessing = 0;
		};
		B6DD45129D1D6E8FDD3DB203 /* Resources */ = {
			isa = PBXResourcesBuildPhase;
			buildActionMask = 2147483647;
			files = (
			);
			runOnlyForDeploymentPostprocessing = 0;
		};
/* End PBXResourcesBuildPhase section */

/* Begin PBXSourcesBuildPhase section */
		3E2103002F525C3C00998846 /* Sources */ = {
			isa = PBXSourcesBuildPhase;
			buildActionMask = 2147483647;
			files = (
			);
			runOnlyForDeploymentPostprocessing = 0;
		};
		AA0001062F5B000000000007 /* Sources */ = {
			isa = PBXSourcesBuildPhase;
			buildActionMask = 2147483647;
			files = (
			);
			runOnlyForDeploymentPostprocessing = 0;
		};
		BCE6A9177387E58F0A17DF20 /* Sources */ = {
			isa = PBXSourcesBuildPhase;
			buildActionMask = 2147483647;
			files = (
				47E841C354E5DA7707DA30DA /* FiringFlowUITests.swift in Sources */,
				A3400000000000000000B001 /* NoBalanceTopUpUITests.swift in Sources */,
				A3400000000000000000B002 /* CreateAlarmUITests.swift in Sources */,
				A3400000000000000000B003 /* ProgressiveSnoozeUITests.swift in Sources */,
				A3400000000000000000B004 /* OnboardingFlowUITests.swift in Sources */,
				A3400000000000000000B005 /* ConfirmDeleteRouteUITests.swift in Sources */,
			);
			runOnlyForDeploymentPostprocessing = 0;
		};
/* End PBXSourcesBuildPhase section */

/* Begin PBXTargetDependency section */
		770DE757B810E951F845988D /* PBXTargetDependency */ = {
			isa = PBXTargetDependency;
			name = SnoozePay;
			target = 3E2103032F525C3C00998846 /* SnoozePay */;
			targetProxy = 6A105FF37F11B4F6A29CFE1F /* PBXContainerItemProxy */;
		};
		AA0001082F5B000000000009 /* PBXTargetDependency */ = {
			isa = PBXTargetDependency;
			target = 3E2103032F525C3C00998846 /* SnoozePay */;
			targetProxy = AA0001002F5B000000000001 /* PBXContainerItemProxy */;
		};
/* End PBXTargetDependency section */

/* Begin XCBuildConfiguration section */
		08364D17BE0527CED77223B4 /* Debug */ = {
			isa = XCBuildConfiguration;
			buildSettings = {
				CLANG_ENABLE_OBJC_WEAK = NO;
				CODE_SIGN_STYLE = Automatic;
				CURRENT_PROJECT_VERSION = 1;
				DEVELOPMENT_TEAM = 8ZKDC782V4;
				GENERATE_INFOPLIST_FILE = YES;
				IPHONEOS_DEPLOYMENT_TARGET = 26.2;
				MARKETING_VERSION = 1.0;
				PRODUCT_BUNDLE_IDENTIFIER = "Ivan-Emelyanov.SnoozePayUITests";
				PRODUCT_NAME = "$(TARGET_NAME)";
				SDKROOT = iphoneos;
				SWIFT_EMIT_LOC_STRINGS = NO;
				SWIFT_VERSION = 5.0;
				TARGETED_DEVICE_FAMILY = "1,2";
				TEST_TARGET_NAME = SnoozePay;
			};
			name = Debug;
		};
		21A00BA6B23A6D6D246DDD1D /* Release */ = {
			isa = XCBuildConfiguration;
			buildSettings = {
				CLANG_ENABLE_OBJC_WEAK = NO;
				CODE_SIGN_STYLE = Automatic;
				CURRENT_PROJECT_VERSION = 1;
				DEVELOPMENT_TEAM = 8ZKDC782V4;
				GENERATE_INFOPLIST_FILE = YES;
				IPHONEOS_DEPLOYMENT_TARGET = 26.2;
				MARKETING_VERSION = 1.0;
				PRODUCT_BUNDLE_IDENTIFIER = "Ivan-Emelyanov.SnoozePayUITests";
				PRODUCT_NAME = "$(TARGET_NAME)";
				SDKROOT = iphoneos;
				SWIFT_EMIT_LOC_STRINGS = NO;
				SWIFT_VERSION = 5.0;
				TARGETED_DEVICE_FAMILY = "1,2";
				TEST_TARGET_NAME = SnoozePay;
				VALIDATE_PRODUCT = YES;
			};
			name = Release;
		};
		3E2103182F525C3E00998846 /* Debug */ = {
			isa = XCBuildConfiguration;
			buildSettings = {
				ASSETCATALOG_COMPILER_APPICON_NAME = AppIcon;
				ASSETCATALOG_COMPILER_GLOBAL_ACCENT_COLOR_NAME = AccentColor;
				CODE_SIGN_ENTITLEMENTS = SnoozePay/SnoozePay.entitlements;
				CODE_SIGN_STYLE = Automatic;
				CURRENT_PROJECT_VERSION = 1;
				DEVELOPMENT_TEAM = 8ZKDC782V4;
				GENERATE_INFOPLIST_FILE = YES;
				INFOPLIST_FILE = SnoozePay/Info.plist;
				INFOPLIST_KEY_UIApplicationSupportsIndirectInputEvents = YES;
				INFOPLIST_KEY_UILaunchStoryboardName = LaunchScreen;
				INFOPLIST_KEY_UISupportedInterfaceOrientations_iPad = "UIInterfaceOrientationPortrait UIInterfaceOrientationPortraitUpsideDown UIInterfaceOrientationLandscapeLeft UIInterfaceOrientationLandscapeRight";
				INFOPLIST_KEY_UISupportedInterfaceOrientations_iPhone = UIInterfaceOrientationPortrait;
				LD_RUNPATH_SEARCH_PATHS = (
					"$(inherited)",
					"@executable_path/Frameworks",
				);
				MARKETING_VERSION = 1.0;
				PRODUCT_BUNDLE_IDENTIFIER = "Ivan-Emelyanov.SnoozePay";
				PRODUCT_NAME = "$(TARGET_NAME)";
				STRING_CATALOG_GENERATE_SYMBOLS = YES;
				SWIFT_APPROACHABLE_CONCURRENCY = YES;
				SWIFT_DEFAULT_ACTOR_ISOLATION = MainActor;
				SWIFT_EMIT_LOC_STRINGS = YES;
				SWIFT_UPCOMING_FEATURE_MEMBER_IMPORT_VISIBILITY = YES;
				SWIFT_VERSION = 5.0;
				TARGETED_DEVICE_FAMILY = 1;
			};
			name = Debug;
		};
		3E2103192F525C3E00998846 /* Release */ = {
			isa = XCBuildConfiguration;
			buildSettings = {
				ASSETCATALOG_COMPILER_APPICON_NAME = AppIcon;
				ASSETCATALOG_COMPILER_GLOBAL_ACCENT_COLOR_NAME = AccentColor;
				CODE_SIGN_ENTITLEMENTS = SnoozePay/SnoozePay.entitlements;
				CODE_SIGN_STYLE = Automatic;
				CURRENT_PROJECT_VERSION = 1;
				DEVELOPMENT_TEAM = 8ZKDC782V4;
				GENERATE_INFOPLIST_FILE = YES;
				INFOPLIST_FILE = SnoozePay/Info.plist;
				INFOPLIST_KEY_UIApplicationSupportsIndirectInputEvents = YES;
				INFOPLIST_KEY_UILaunchStoryboardName = LaunchScreen;
				INFOPLIST_KEY_UISupportedInterfaceOrientations_iPad = "UIInterfaceOrientationPortrait UIInterfaceOrientationPortraitUpsideDown UIInterfaceOrientationLandscapeLeft UIInterfaceOrientationLandscapeRight";
				INFOPLIST_KEY_UISupportedInterfaceOrientations_iPhone = UIInterfaceOrientationPortrait;
				LD_RUNPATH_SEARCH_PATHS = (
					"$(inherited)",
					"@executable_path/Frameworks",
				);
				MARKETING_VERSION = 1.0;
				PRODUCT_BUNDLE_IDENTIFIER = "Ivan-Emelyanov.SnoozePay";
				PRODUCT_NAME = "$(TARGET_NAME)";
				STRING_CATALOG_GENERATE_SYMBOLS = YES;
				SWIFT_APPROACHABLE_CONCURRENCY = YES;
				SWIFT_DEFAULT_ACTOR_ISOLATION = MainActor;
				SWIFT_EMIT_LOC_STRINGS = YES;
				SWIFT_UPCOMING_FEATURE_MEMBER_IMPORT_VISIBILITY = YES;
				SWIFT_VERSION = 5.0;
				TARGETED_DEVICE_FAMILY = 1;
			};
			name = Release;
		};
		3E21031A2F525C3E00998846 /* Debug */ = {
			isa = XCBuildConfiguration;
			buildSettings = {
				ALWAYS_SEARCH_USER_PATHS = NO;
				ASSETCATALOG_COMPILER_GENERATE_SWIFT_ASSET_SYMBOL_EXTENSIONS = YES;
				CLANG_ANALYZER_NONNULL = YES;
				CLANG_ANALYZER_NUMBER_OBJECT_CONVERSION = YES_AGGRESSIVE;
				CLANG_CXX_LANGUAGE_STANDARD = "gnu++20";
				CLANG_ENABLE_MODULES = YES;
				CLANG_ENABLE_OBJC_ARC = YES;
				CLANG_ENABLE_OBJC_WEAK = YES;
				CLANG_WARN_BLOCK_CAPTURE_AUTORELEASING = YES;
				CLANG_WARN_BOOL_CONVERSION = YES;
				CLANG_WARN_COMMA = YES;
				CLANG_WARN_CONSTANT_CONVERSION = YES;
				CLANG_WARN_DEPRECATED_OBJC_IMPLEMENTATIONS = YES;
				CLANG_WARN_DIRECT_OBJC_ISA_USAGE = YES_ERROR;
				CLANG_WARN_DOCUMENTATION_COMMENTS = YES;
				CLANG_WARN_EMPTY_BODY = YES;
				CLANG_WARN_ENUM_CONVERSION = YES;
				CLANG_WARN_INFINITE_RECURSION = YES;
				CLANG_WARN_INT_CONVERSION = YES;
				CLANG_WARN_NON_LITERAL_NULL_CONVERSION = YES;
				CLANG_WARN_OBJC_IMPLICIT_RETAIN_SELF = YES;
				CLANG_WARN_OBJC_LITERAL_CONVERSION = YES;
				CLANG_WARN_OBJC_ROOT_CLASS = YES_ERROR;
				CLANG_WARN_QUOTED_INCLUDE_IN_FRAMEWORK_HEADER = YES;
				CLANG_WARN_RANGE_LOOP_ANALYSIS = YES;
				CLANG_WARN_STRICT_PROTOTYPES = YES;
				CLANG_WARN_SUSPICIOUS_MOVE = YES;
				CLANG_WARN_UNGUARDED_AVAILABILITY = YES_AGGRESSIVE;
				CLANG_WARN_UNREACHABLE_CODE = YES;
				CLANG_WARN__DUPLICATE_METHOD_MATCH = YES;
				COPY_PHASE_STRIP = NO;
				DEBUG_INFORMATION_FORMAT = dwarf;
				DEVELOPMENT_TEAM = 8ZKDC782V4;
				ENABLE_STRICT_OBJC_MSGSEND = YES;
				ENABLE_TESTABILITY = YES;
				ENABLE_USER_SCRIPT_SANDBOXING = YES;
				GCC_C_LANGUAGE_STANDARD = gnu17;
				GCC_DYNAMIC_NO_PIC = NO;
				GCC_NO_COMMON_BLOCKS = YES;
				GCC_OPTIMIZATION_LEVEL = 0;
				GCC_PREPROCESSOR_DEFINITIONS = (
					"DEBUG=1",
					"$(inherited)",
				);
				GCC_WARN_64_TO_32_BIT_CONVERSION = YES;
				GCC_WARN_ABOUT_RETURN_TYPE = YES_ERROR;
				GCC_WARN_UNDECLARED_SELECTOR = YES;
				GCC_WARN_UNINITIALIZED_AUTOS = YES_AGGRESSIVE;
				GCC_WARN_UNUSED_FUNCTION = YES;
				GCC_WARN_UNUSED_VARIABLE = YES;
				IPHONEOS_DEPLOYMENT_TARGET = 26.2;
				LOCALIZATION_PREFERS_STRING_CATALOGS = YES;
				MTL_ENABLE_DEBUG_INFO = INCLUDE_SOURCE;
				MTL_FAST_MATH = YES;
				ONLY_ACTIVE_ARCH = YES;
				SDKROOT = iphoneos;
				SWIFT_ACTIVE_COMPILATION_CONDITIONS = "DEBUG $(inherited)";
				SWIFT_OPTIMIZATION_LEVEL = "-Onone";
			};
			name = Debug;
		};
		3E21031B2F525C3E00998846 /* Release */ = {
			isa = XCBuildConfiguration;
			buildSettings = {
				ALWAYS_SEARCH_USER_PATHS = NO;
				ASSETCATALOG_COMPILER_GENERATE_SWIFT_ASSET_SYMBOL_EXTENSIONS = YES;
				CLANG_ANALYZER_NONNULL = YES;
				CLANG_ANALYZER_NUMBER_OBJECT_CONVERSION = YES_AGGRESSIVE;
				CLANG_CXX_LANGUAGE_STANDARD = "gnu++20";
				CLANG_ENABLE_MODULES = YES;
				CLANG_ENABLE_OBJC_ARC = YES;
				CLANG_ENABLE_OBJC_WEAK = YES;
				CLANG_WARN_BLOCK_CAPTURE_AUTORELEASING = YES;
				CLANG_WARN_BOOL_CONVERSION = YES;
				CLANG_WARN_COMMA = YES;
				CLANG_WARN_CONSTANT_CONVERSION = YES;
				CLANG_WARN_DEPRECATED_OBJC_IMPLEMENTATIONS = YES;
				CLANG_WARN_DIRECT_OBJC_ISA_USAGE = YES_ERROR;
				CLANG_WARN_DOCUMENTATION_COMMENTS = YES;
				CLANG_WARN_EMPTY_BODY = YES;
				CLANG_WARN_ENUM_CONVERSION = YES;
				CLANG_WARN_INFINITE_RECURSION = YES;
				CLANG_WARN_INT_CONVERSION = YES;
				CLANG_WARN_NON_LITERAL_NULL_CONVERSION = YES;
				CLANG_WARN_OBJC_IMPLICIT_RETAIN_SELF = YES;
				CLANG_WARN_OBJC_LITERAL_CONVERSION = YES;
				CLANG_WARN_OBJC_ROOT_CLASS = YES_ERROR;
				CLANG_WARN_QUOTED_INCLUDE_IN_FRAMEWORK_HEADER = YES;
				CLANG_WARN_RANGE_LOOP_ANALYSIS = YES;
				CLANG_WARN_STRICT_PROTOTYPES = YES;
				CLANG_WARN_SUSPICIOUS_MOVE = YES;
				CLANG_WARN_UNGUARDED_AVAILABILITY = YES_AGGRESSIVE;
				CLANG_WARN_UNREACHABLE_CODE = YES;
				CLANG_WARN__DUPLICATE_METHOD_MATCH = YES;
				COPY_PHASE_STRIP = NO;
				DEBUG_INFORMATION_FORMAT = "dwarf-with-dsym";
				DEVELOPMENT_TEAM = 8ZKDC782V4;
				ENABLE_NS_ASSERTIONS = NO;
				ENABLE_STRICT_OBJC_MSGSEND = YES;
				ENABLE_USER_SCRIPT_SANDBOXING = YES;
				GCC_C_LANGUAGE_STANDARD = gnu17;
				GCC_NO_COMMON_BLOCKS = YES;
				GCC_WARN_64_TO_32_BIT_CONVERSION = YES;
				GCC_WARN_ABOUT_RETURN_TYPE = YES_ERROR;
				GCC_WARN_UNDECLARED_SELECTOR = YES;
				GCC_WARN_UNINITIALIZED_AUTOS = YES_AGGRESSIVE;
				GCC_WARN_UNUSED_FUNCTION = YES;
				GCC_WARN_UNUSED_VARIABLE = YES;
				IPHONEOS_DEPLOYMENT_TARGET = 26.2;
				LOCALIZATION_PREFERS_STRING_CATALOGS = YES;
				MTL_ENABLE_DEBUG_INFO = NO;
				MTL_FAST_MATH = YES;
				SDKROOT = iphoneos;
				SWIFT_COMPILATION_MODE = wholemodule;
				VALIDATE_PRODUCT = YES;
			};
			name = Release;
		};
		AA0001092F5B000000000010 /* Debug */ = {
			isa = XCBuildConfiguration;
			buildSettings = {
				BUNDLE_LOADER = "$(TEST_HOST)";
				CODE_SIGN_STYLE = Automatic;
				CURRENT_PROJECT_VERSION = 1;
				DEVELOPMENT_TEAM = 8ZKDC782V4;
				GENERATE_INFOPLIST_FILE = YES;
				MARKETING_VERSION = 1.0;
				PRODUCT_BUNDLE_IDENTIFIER = "Ivan-Emelyanov.SnoozePayTests";
				PRODUCT_NAME = "$(TARGET_NAME)";
				SWIFT_APPROACHABLE_CONCURRENCY = YES;
				SWIFT_DEFAULT_ACTOR_ISOLATION = MainActor;
				SWIFT_EMIT_LOC_STRINGS = NO;
				SWIFT_UPCOMING_FEATURE_MEMBER_IMPORT_VISIBILITY = YES;
				SWIFT_VERSION = 5.0;
				TARGETED_DEVICE_FAMILY = 1;
				TEST_HOST = "$(BUILT_PRODUCTS_DIR)/SnoozePay.app/$(BUNDLE_EXECUTABLE_FOLDER_PATH)/SnoozePay";
			};
			name = Debug;
		};
		AA00010A2F5B000000000011 /* Release */ = {
			isa = XCBuildConfiguration;
			buildSettings = {
				BUNDLE_LOADER = "$(TEST_HOST)";
				CODE_SIGN_STYLE = Automatic;
				CURRENT_PROJECT_VERSION = 1;
				DEVELOPMENT_TEAM = 8ZKDC782V4;
				GENERATE_INFOPLIST_FILE = YES;
				MARKETING_VERSION = 1.0;
				PRODUCT_BUNDLE_IDENTIFIER = "Ivan-Emelyanov.SnoozePayTests";
				PRODUCT_NAME = "$(TARGET_NAME)";
				SWIFT_APPROACHABLE_CONCURRENCY = YES;
				SWIFT_DEFAULT_ACTOR_ISOLATION = MainActor;
				SWIFT_EMIT_LOC_STRINGS = NO;
				SWIFT_UPCOMING_FEATURE_MEMBER_IMPORT_VISIBILITY = YES;
				SWIFT_VERSION = 5.0;
				TARGETED_DEVICE_FAMILY = 1;
				TEST_HOST = "$(BUILT_PRODUCTS_DIR)/SnoozePay.app/$(BUNDLE_EXECUTABLE_FOLDER_PATH)/SnoozePay";
			};
			name = Release;
		};
/* End XCBuildConfiguration section */

/* Begin XCConfigurationList section */
		3B82316F4912B3D2FEE9F11F /* Build configuration list for PBXNativeTarget "SnoozePayUITests" */ = {
			isa = XCConfigurationList;
			buildConfigurations = (
				21A00BA6B23A6D6D246DDD1D /* Release */,
				08364D17BE0527CED77223B4 /* Debug */,
			);
			defaultConfigurationIsVisible = 0;
			defaultConfigurationName = Release;
		};
		3E2102FF2F525C3C00998846 /* Build configuration list for PBXProject "SnoozePay" */ = {
			isa = XCConfigurationList;
			buildConfigurations = (
				3E21031A2F525C3E00998846 /* Debug */,
				3E21031B2F525C3E00998846 /* Release */,
			);
			defaultConfigurationIsVisible = 0;
			defaultConfigurationName = Release;
		};
		3E2103172F525C3E00998846 /* Build configuration list for PBXNativeTarget "SnoozePay" */ = {
			isa = XCConfigurationList;
			buildConfigurations = (
				3E2103182F525C3E00998846 /* Debug */,
				3E2103192F525C3E00998846 /* Release */,
			);
			defaultConfigurationIsVisible = 0;
			defaultConfigurationName = Release;
		};
		AA0001052F5B000000000006 /* Build configuration list for PBXNativeTarget "SnoozePayTests" */ = {
			isa = XCConfigurationList;
			buildConfigurations = (
				AA0001092F5B000000000010 /* Debug */,
				AA00010A2F5B000000000011 /* Release */,
			);
			defaultConfigurationIsVisible = 0;
			defaultConfigurationName = Release;
		};
/* End XCConfigurationList section */
	};
	rootObject = 3E2102FC2F525C3C00998846 /* Project object */;
}
